{
  "name": "retell-twilio-supabase-realestate-demo",
  "version": "1.0.0",
  "lockfileVersion": 3,
  "requires": true,
  "packages": {
    "": {
      "name": "retell-twilio-supabase-realestate-demo",
      "version": "1.0.0",
      "dependencies": {
        "retell-sdk": "^5.1.0"
      },
      "engines": {
        "node": ">=20"
      }
    },
    "node_modules/retell-sdk": {
      "version": "5.36.0",
      "resolved": "https://registry.npmjs.org/retell-sdk/-/retell-sdk-5.36.0.tgz",
      "integrity": "sha512-ZnFFix2JFK6mXM5CfKOrAkyejDVSqedxSH6TH1sLvvTnJCKOZwu8waQMS2BnnXE4HVypBmMun1toX/+CoctQMQ==",
      "license": "Apache-2.0"
    }
  }
}
